{
  "name": "chrome-devtools-mcp-wrapper",
  "lockfileVersion": 3,
  "requires": true,
  "packages": {
    "": {
      "name": "chrome-devtools-mcp-wrapper",
      "dependencies": {
        "chrome-devtools-mcp": "latest"
      }
    },
    "node_modules/chrome-devtools-mcp": {
      "version": "0.15.1",
      "resolved": "https://registry.npmjs.org/chrome-devtools-mcp/-/chrome-devtools-mcp-0.15.1.tgz",
      "integrity": "sha512-tuVDg+uNtjXuCUiI+lA+SFxJ7OaXmdq7n+Ug/XNEra1Y/FVRfLaqNGKJJgHeJHWYdonm7HXAmdyBbg9Rd7uzmQ==",
      "license": "Apache-2.0",
      "bin": {
        "chrome-devtools-mcp": "build/src/index.js"
      },
      "engines": {
        "node": "^20.19.0 || ^22.12.0 || >=23"
      }
    }
  }
}
